<?xml version="1.0" encoding="utf-8"?>
<Project ToolsVersion="4.0" xmlns="http://schemas.microsoft.com/developer/msbuild/2003">
  <ItemGroup>
    <Filter Include="Source Files">
      <UniqueIdentifier>{4FC737F1-C7A5-4376-A066-2A32D752A2FF}</UniqueIdentifier>
      <Extensions>cpp;c;cc;cxx;c++;cppm;ixx;def;odl;idl;hpj;bat;asm;asmx</Extensions>
    </Filter>
    <Filter Include="Header Files">
      <UniqueIdentifier>{93995380-89BD-4b04-88EB-625FBE52EBFB}</UniqueIdentifier>
      <Extensions>h;hh;hpp;hxx;h++;hm;inl;inc;ipp;xsd</Extensions>
    </Filter>
    <Filter Include="Resource Files">
      <UniqueIdentifier>{67DA6AB6-F800-4c08-8B7A-83BB121AAD01}</UniqueIdentifier>
      <Extensions>rc;ico;cur;bmp;dlg;rc2;rct;bin;rgs;gif;jpg;jpeg;jpe;resx;tiff;tif;png;wav;mfcribbon-ms</Extensions>
    </Filter>
  </ItemGroup>
  <ItemGroup>
    <ClInclude Include="Kiosk_GetNumbers_App.h">
      <Filter>Header Files</Filter>
    </ClInclude>
    <ClInclude Include="Kiosk_GetNumbers_AppDlg.h">
      <Filter>Header Files</Filter>
    </ClInclude>
    <ClInclude Include="framework.h">
      <Filter>Header Files</Filter>
    </ClInclude>
    <ClInclude Include="targetver.h">
      <Filter>Header Files</Filter>
    </ClInclude>
    <ClInclude Include="Resource.h">
      <Filter>Header Files</Filter>
    </ClInclude>
    <ClInclude Include="pch.h">
      <Filter>Header Files</Filter>
    </ClInclude>
    <ClInclude Include="AuthScreen.h">
      <Filter>Header Files</Filter>
    </ClInclude>
    <ClInclude Include="AuthFingerDlg.h">
      <Filter>Header Files</Filter>
    </ClInclude>
    <ClInclude Include="HeaderUI.h">
      <Filter>Header Files</Filter>
    </ClInclude>
    <ClInclude Include="ButtonUI.h">
      <Filter>Header Files</Filter>
    </ClInclude>
    <ClInclude Include="AuthIDCardDlg.h">
      <Filter>Header Files</Filter>
    </ClInclude>
    <ClInclude Include="AuthFaceIDDlg.h">
      <Filter>Header Files</Filter>
    </ClInclude>
    <ClInclude Include="AuthQRCodeDlg.h">
      <Filter>Header Files</Filter>
    </ClInclude>
    <ClInclude Include="NoAuthDlg.h">
      <Filter>Header Files</Filter>
    </ClInclude>
    <ClInclude Include="qrcodegen.hpp">
      <Filter>Header Files</Filter>
    </ClInclude>
    <ClInclude Include="DisplayNumbersDlg.h">
      <Filter>Header Files</Filter>
    </ClInclude>
    <ClInclude Include="FakeCCCDReader.h">
      <Filter>Header Files</Filter>
    </ClInclude>
    <ClInclude Include="DatabaseManager.h">
      <Filter>Header Files</Filter>
    </ClInclude>
    <ClInclude Include="sqlite3.h">
      <Filter>Header Files</Filter>
    </ClInclude>
    <ClInclude Include="AuthCorrect.h">
      <Filter>Header Files</Filter>
    </ClInclude>
    <ClInclude Include="Common.h">
      <Filter>Header Files</Filter>
    </ClInclude>
    <ClInclude Include="ConfigManager.h">
      <Filter>Header Files</Filter>
    </ClInclude>
    <ClInclude Include="ApiService.h">
      <Filter>Header Files</Filter>
    </ClInclude>
    <ClInclude Include="AppMessages.h">
      <Filter>Header Files</Filter>
    </ClInclude>
  </ItemGroup>
  <ItemGroup>
    <ClCompile Include="Kiosk_GetNumbers_App.cpp">
      <Filter>Source Files</Filter>
    </ClCompile>
    <ClCompile Include="Kiosk_GetNumbers_AppDlg.cpp">
      <Filter>Source Files</Filter>
    </ClCompile>
    <ClCompile Include="pch.cpp">
      <Filter>Source Files</Filter>
    </ClCompile>
    <ClCompile Include="AuthScreen.cpp">
      <Filter>Source Files</Filter>
    </ClCompile>
    <ClCompile Include="AuthFingerDlg.cpp">
      <Filter>Source Files</Filter>
    </ClCompile>
    <ClCompile Include="HeaderUI.cpp">
      <Filter>Source Files</Filter>
    </ClCompile>
    <ClCompile Include="ButtonUI.cpp">
      <Filter>Source Files</Filter>
    </ClCompile>
    <ClCompile Include="AuthIDCardDlg.cpp">
      <Filter>Source Files</Filter>
    </ClCompile>
    <ClCompile Include="AuthFaceIDDlg.cpp">
      <Filter>Source Files</Filter>
    </ClCompile>
    <ClCompile Include="AuthQRCodeDlg.cpp">
      <Filter>Source Files</Filter>
    </ClCompile>
    <ClCompile Include="NoAuthDlg.cpp">
      <Filter>Source Files</Filter>
    </ClCompile>
    <ClCompile Include="qrcodegen.cpp">
      <Filter>Source Files</Filter>
    </ClCompile>
    <ClCompile Include="DisplayNumbersDlg.cpp">
      <Filter>Source Files</Filter>
    </ClCompile>
    <ClCompile Include="FakeCCCDReader.cpp">
      <Filter>Source Files</Filter>
    </ClCompile>
    <ClCompile Include="DatabaseManager.cpp">
      <Filter>Source Files</Filter>
    </ClCompile>
    <ClCompile Include="sqlite3.c">
      <Filter>Source Files</Filter>
    </ClCompile>
    <ClCompile Include="AuthCorrect.cpp">
      <Filter>Source Files</Filter>
    </ClCompile>
    <ClCompile Include="ConfigManager.cpp">
      <Filter>Source Files</Filter>
    </ClCompile>
    <ClCompile Include="ApiService.cpp">
      <Filter>Source Files</Filter>
    </ClCompile>
  </ItemGroup>
  <ItemGroup>
    <ResourceCompile Include="KioskGetNumbersApp.rc">
      <Filter>Resource Files</Filter>
    </ResourceCompile>
  </ItemGroup>
  <ItemGroup>
    <None Include="res\KioskGetNumbersApp.rc2">
      <Filter>Resource Files</Filter>
    </None>
  </ItemGroup>
  <ItemGroup>
    <Image Include="res\Kiosk_GetNumbers_App.ico">
      <Filter>Resource Files</Filter>
    </Image>
    <Image Include="..\..\Material\Agribank_Logo.bmp">
      <Filter>Resource Files</Filter>
    </Image>
    <Image Include="res\confirmation_number.png">
      <Filter>Resource Files</Filter>
    </Image>
    <Image Include="res\face_id.png">
      <Filter>Resource Files</Filter>
    </Image>
    <Image Include="res\fingerprint.png">
      <Filter>Resource Files</Filter>
    </Image>
    <Image Include="res\id_card.png">
      <Filter>Resource Files</Filter>
    </Image>
    <Image Include="res\qr_code.png">
      <Filter>Resource Files</Filter>
    </Image>
    <Image Include="res\settingBtn.png">
      <Filter>Resource Files</Filter>
    </Image>
  </ItemGroup>
</Project>